
Microsoft Visual Studio Solution File, Format Version 12.00
# Visual Studio Version 17
VisualStudioVersion = 17.4.33205.214
MinimumVisualStudioVersion = 10.0.40219.1
Project("{9A19103F-16F7-4668-BE54-9A1E7A4F7556}") = "SecureTunneling.SimulatedDevice", "simulated-device\SecureTunneling.SimulatedDevice.csproj", "{5D59690D-C2D3-4533-9A2C-5B8BEFE4B963}"
EndProject
Project("{9A19103F-16F7-4668-BE54-9A1E7A4F7556}") = "SecureTunneling.Function", "function\SecureTunneling.Function.csproj", "{19699712-B54B-4472-A44D-76C563BDB61D}"
EndProject
Global
	GlobalSection(SolutionConfigurationPlatforms) = preSolution
		Debug|Any CPU = Debug|Any CPU
		Release|Any CPU = Release|Any CPU
	EndGlobalSection
	GlobalSection(ProjectConfigurationPlatforms) = postSolution
		{5D59690D-C2D3-4533-9A2C-5B8BEFE4B963}.Debug|Any CPU.ActiveCfg = Debug|Any CPU
		{5D59690D-C2D3-4533-9A2C-5B8BEFE4B963}.Debug|Any CPU.Build.0 = Debug|Any CPU
		{5D59690D-C2D3-4533-9A2C-5B8BEFE4B963}.Release|Any CPU.ActiveCfg = Release|Any CPU
		{5D59690D-C2D3-4533-9A2C-5B8BEFE4B963}.Release|Any CPU.Build.0 = Release|Any CPU
		{19699712-B54B-4472-A44D-76C563BDB61D}.Debug|Any CPU.ActiveCfg = Debug|Any CPU
		{19699712-B54B-4472-A44D-76C563BDB61D}.Debug|Any CPU.Build.0 = Debug|Any CPU
		{19699712-B54B-4472-A44D-76C563BDB61D}.Release|Any CPU.ActiveCfg = Release|Any CPU
		{19699712-B54B-4472-A44D-76C563BDB61D}.Release|Any CPU.Build.0 = Release|Any CPU
	EndGlobalSection
	GlobalSection(SolutionProperties) = preSolution
		HideSolutionNode = FALSE
	EndGlobalSection
	GlobalSection(ExtensibilityGlobals) = postSolution
		SolutionGuid = {60311E03-6D81-49F5-A608-8E738878FFA8}
	EndGlobalSection
EndGlobal
